
Microsoft Visual Studio Solution File, Format Version 12.00
# Visual Studio 15
VisualStudioVersion = 15.0.27130.2036
MinimumVisualStudioVersion = 10.0.40219.1
Project("{9A19103F-16F7-4668-BE54-9A1E7A4F7556}") = "DailyScrumBag", "DailyScrumBag\DailyScrumBag.csproj", "{0F2BF6C7-5435-4D1C-8611-B0462BDCB518}"
EndProject
Project("{9A19103F-16F7-4668-BE54-9A1E7A4F7556}") = "DailyScrumBag.Interfaces", "DailyScrumBag.Interfaces\DailyScrumBag.Interfaces.csproj", "{57F5CD8F-34DF-418B-BA32-C2FF55107A9C}"
EndProject
Project("{9A19103F-16F7-4668-BE54-9A1E7A4F7556}") = "DailyScrumBag.Repository", "DailyScrumBag.Repository\DailyScrumBag.Repository.csproj", "{4D7E0AA5-9E0A-4654-B67F-892AAE0DC2DA}"
EndProject
Project("{9A19103F-16F7-4668-BE54-9A1E7A4F7556}") = "DailyScrumBag.Infrastructure", "DailyScrumBag.Infrastructure\DailyScrumBag.Infrastructure.csproj", "{6EC9E6F4-2099-41F6-AC0E-7E62937C71B8}"
EndProject
Global
	GlobalSection(SolutionConfigurationPlatforms) = preSolution
		Debug|Any CPU = Debug|Any CPU
		Release|Any CPU = Release|Any CPU
	EndGlobalSection
	GlobalSection(ProjectConfigurationPlatforms) = postSolution
		{0F2BF6C7-5435-4D1C-8611-B0462BDCB518}.Debug|Any CPU.ActiveCfg = Debug|Any CPU
		{0F2BF6C7-5435-4D1C-8611-B0462BDCB518}.Debug|Any CPU.Build.0 = Debug|Any CPU
		{0F2BF6C7-5435-4D1C-8611-B0462BDCB518}.Release|Any CPU.ActiveCfg = Release|Any CPU
		{0F2BF6C7-5435-4D1C-8611-B0462BDCB518}.Release|Any CPU.Build.0 = Release|Any CPU
		{57F5CD8F-34DF-418B-BA32-C2FF55107A9C}.Debug|Any CPU.ActiveCfg = Debug|Any CPU
		{57F5CD8F-34DF-418B-BA32-C2FF55107A9C}.Debug|Any CPU.Build.0 = Debug|Any CPU
		{57F5CD8F-34DF-418B-BA32-C2FF55107A9C}.Release|Any CPU.ActiveCfg = Release|Any CPU
		{57F5CD8F-34DF-418B-BA32-C2FF55107A9C}.Release|Any CPU.Build.0 = Release|Any CPU
		{4D7E0AA5-9E0A-4654-B67F-892AAE0DC2DA}.Debug|Any CPU.ActiveCfg = Debug|Any CPU
		{4D7E0AA5-9E0A-4654-B67F-892AAE0DC2DA}.Debug|Any CPU.Build.0 = Debug|Any CPU
		{4D7E0AA5-9E0A-4654-B67F-892AAE0DC2DA}.Release|Any CPU.ActiveCfg = Release|Any CPU
		{4D7E0AA5-9E0A-4654-B67F-892AAE0DC2DA}.Release|Any CPU.Build.0 = Release|Any CPU
		{6EC9E6F4-2099-41F6-AC0E-7E62937C71B8}.Debug|Any CPU.ActiveCfg = Debug|Any CPU
		{6EC9E6F4-2099-41F6-AC0E-7E62937C71B8}.Debug|Any CPU.Build.0 = Debug|Any CPU
		{6EC9E6F4-2099-41F6-AC0E-7E62937C71B8}.Release|Any CPU.ActiveCfg = Release|Any CPU
		{6EC9E6F4-2099-41F6-AC0E-7E62937C71B8}.Release|Any CPU.Build.0 = Release|Any CPU
	EndGlobalSection
	GlobalSection(SolutionProperties) = preSolution
		HideSolutionNode = FALSE
	EndGlobalSection
	GlobalSection(ExtensibilityGlobals) = postSolution
		SolutionGuid = {BF991783-EEB6-43FE-8E85-A14D410A9F44}
	EndGlobalSection
EndGlobal
